
Microsoft Visual Studio Solution File, Format Version 12.00
Project("{FAE04EC0-301F-11D3-BF4B-00C04F79EFBC}") = "SistemaTurnos.Web", "SistemaTurnos.Web.csproj", "{DB674CB1-8FB2-459B-BA01-51EB3E45231B}"
EndProject
Global
	GlobalSection(SolutionConfigurationPlatforms) = preSolution
		Debug|Any CPU = Debug|Any CPU
		Release|Any CPU = Release|Any CPU
	EndGlobalSection
	GlobalSection(ProjectConfigurationPlatforms) = postSolution
		{DB674CB1-8FB2-459B-BA01-51EB3E45231B}.Debug|Any CPU.ActiveCfg = Debug|Any CPU
		{DB674CB1-8FB2-459B-BA01-51EB3E45231B}.Debug|Any CPU.Build.0 = Debug|Any CPU
		{DB674CB1-8FB2-459B-BA01-51EB3E45231B}.Release|Any CPU.ActiveCfg = Release|Any CPU
		{DB674CB1-8FB2-459B-BA01-51EB3E45231B}.Release|Any CPU.Build.0 = Release|Any CPU
	EndGlobalSection
EndGlobal
